
Microsoft Visual Studio Solution File, Format Version 12.00
# Visual Studio Version 16
VisualStudioVersion = 16.0.31205.134
MinimumVisualStudioVersion = 10.0.40219.1
Project("{FAE04EC0-301F-11D3-BF4B-00C04F79EFBC}") = "CICDWebApp", "CICDWebApp\CICDWebApp.csproj", "{C65F7A14-925D-45F8-A2EC-3FE19D0723DA}"
EndProject
Global
	GlobalSection(SolutionConfigurationPlatforms) = preSolution
		Debug|Any CPU = Debug|Any CPU
		Release|Any CPU = Release|Any CPU
	EndGlobalSection
	GlobalSection(ProjectConfigurationPlatforms) = postSolution
		{C65F7A14-925D-45F8-A2EC-3FE19D0723DA}.Debug|Any CPU.ActiveCfg = Debug|Any CPU
		{C65F7A14-925D-45F8-A2EC-3FE19D0723DA}.Debug|Any CPU.Build.0 = Debug|Any CPU
		{C65F7A14-925D-45F8-A2EC-3FE19D0723DA}.Release|Any CPU.ActiveCfg = Release|Any CPU
		{C65F7A14-925D-45F8-A2EC-3FE19D0723DA}.Release|Any CPU.Build.0 = Release|Any CPU
	EndGlobalSection
	GlobalSection(SolutionProperties) = preSolution
		HideSolutionNode = FALSE
	EndGlobalSection
	GlobalSection(ExtensibilityGlobals) = postSolution
		SolutionGuid = {DAA0FDD9-91C7-4B02-9228-51B33A571315}
	EndGlobalSection
EndGlobal
